
Microsoft Visual Studio Solution File, Format Version 12.00
# Visual Studio Version 16
VisualStudioVersion = 16.0.29201.188
MinimumVisualStudioVersion = 10.0.40219.1
Project("{FAE04EC0-301F-11D3-BF4B-00C04F79EFBC}") = "FHL-string001", "FHL-string001\FHL-string001.csproj", "{92B46FA6-B3D8-458F-A399-0205F78CF021}"
EndProject
Global
	GlobalSection(SolutionConfigurationPlatforms) = preSolution
		Debug|Any CPU = Debug|Any CPU
		Release|Any CPU = Release|Any CPU
	EndGlobalSection
	GlobalSection(ProjectConfigurationPlatforms) = postSolution
		{92B46FA6-B3D8-458F-A399-0205F78CF021}.Debug|Any CPU.ActiveCfg = Debug|Any CPU
		{92B46FA6-B3D8-458F-A399-0205F78CF021}.Debug|Any CPU.Build.0 = Debug|Any CPU
		{92B46FA6-B3D8-458F-A399-0205F78CF021}.Release|Any CPU.ActiveCfg = Release|Any CPU
		{92B46FA6-B3D8-458F-A399-0205F78CF021}.Release|Any CPU.Build.0 = Release|Any CPU
	EndGlobalSection
	GlobalSection(SolutionProperties) = preSolution
		HideSolutionNode = FALSE
	EndGlobalSection
	GlobalSection(ExtensibilityGlobals) = postSolution
		SolutionGuid = {CF1C5269-260B-42FD-B693-2A6C230558D7}
	EndGlobalSection
EndGlobal
